{
  "name": "Frontend",
  "lockfileVersion": 3,
  "requires": true,
  "packages": {
    "": {
      "dependencies": {
        "caniuse-lite": "^1.0.30001547"
      }
    },
    "node_modules/caniuse-lite": {
      "version": "1.0.30001547",
      "resolved": "https://registry.npmjs.org/caniuse-lite/-/caniuse-lite-1.0.30001547.tgz",
      "integrity": "sha512-W7CrtIModMAxobGhz8iXmDfuJiiKg1WADMO/9x7/CLNin5cpSbuBjooyoIUVB5eyCc36QuTVlkVa1iB2S5+/eA==",
      "funding": [
        {
          "type": "opencollective",
          "url": "https://opencollective.com/browserslist"
        },
        {
          "type": "tidelift",
          "url": "https://tidelift.com/funding/github/npm/caniuse-lite"
        },
        {
          "type": "github",
          "url": "https://github.com/sponsors/ai"
        }
      ]
    }
  }
}
